// !$*UTF8*$!
{
	archiveVersion = 1;
	classes = {
	};
	objectVersion = 55;
	objects = {

/* Begin PBXBuildFile section */
		D4B1898528FFF7A20097B4BA /* RxCocoa in Frameworks */ = {isa = PBXBuildFile; productRef = D4B1898428FFF7A20097B4BA /* RxCocoa */; };
		D4B1898728FFF7A20097B4BA /* RxRelay in Frameworks */ = {isa = PBXBuildFile; productRef = D4B1898628FFF7A20097B4BA /* RxRelay */; };
		D4B1898928FFF7A20097B4BA /* RxSwift in Frameworks */ = {isa = PBXBuildFile; productRef = D4B1898828FFF7A20097B4BA /* RxSwift */; };
		D4B1898C28FFF7BA0097B4BA /* Then in Frameworks */ = {isa = PBXBuildFile; productRef = D4B1898B28FFF7BA0097B4BA /* Then */; };
		D4B1898F28FFF7DB0097B4BA /* SnapKit in Frameworks */ = {isa = PBXBuildFile; productRef = D4B1898E28FFF7DB0097B4BA /* SnapKit */; };
		D4B1899228FFF8090097B4BA /* Kingfisher in Frameworks */ = {isa = PBXBuildFile; productRef = D4B1899128FFF8090097B4BA /* Kingfisher */; };
		D4B1899428FFF8720097B4BA /* MainVC.swift in Sources */ = {isa = PBXBuildFile; fileRef = D4B1899328FFF8720097B4BA /* MainVC.swift */; };
		D4B1899628FFFA070097B4BA /* SearchBarView.swift in Sources */ = {isa = PBXBuildFile; fileRef = D4B1899528FFFA070097B4BA /* SearchBarView.swift */; };
		D4B18998290004870097B4BA /* FilterView.swift in Sources */ = {isa = PBXBuildFile; fileRef = D4B18997290004860097B4BA /* FilterView.swift */; };
		D4B1899A290007160097B4BA /* TableViewCell.swift in Sources */ = {isa = PBXBuildFile; fileRef = D4B18999290007150097B4BA /* TableViewCell.swift */; };
		D4B1899C2900073D0097B4BA /* BlogDataModel.swift in Sources */ = {isa = PBXBuildFile; fileRef = D4B1899B2900073D0097B4BA /* BlogDataModel.swift */; };
		D4B189A0290146BD0097B4BA /* BlogTableView.swift in Sources */ = {isa = PBXBuildFile; fileRef = D4B1899F290146BC0097B4BA /* BlogTableView.swift */; };
		D4B189A629014CA40097B4BA /* AlertActionConvertible.swift in Sources */ = {isa = PBXBuildFile; fileRef = D4B189A529014CA40097B4BA /* AlertActionConvertible.swift */; };
		D4D3B9B128F57E7400C70AFB /* AppDelegate.swift in Sources */ = {isa = PBXBuildFile; fileRef = D4D3B9B028F57E7400C70AFB /* AppDelegate.swift */; };
		D4D3B9B328F57E7400C70AFB /* SceneDelegate.swift in Sources */ = {isa = PBXBuildFile; fileRef = D4D3B9B228F57E7400C70AFB /* SceneDelegate.swift */; };
		D4D3B9BA28F57E7700C70AFB /* Assets.xcassets in Resources */ = {isa = PBXBuildFile; fileRef = D4D3B9B928F57E7700C70AFB /* Assets.xcassets */; };
		D4D3B9BD28F57E7700C70AFB /* LaunchScreen.storyboard in Resources */ = {isa = PBXBuildFile; fileRef = D4D3B9BB28F57E7700C70AFB /* LaunchScreen.storyboard */; };
/* End PBXBuildFile section */

/* Begin PBXFileReference section */
		D4B1899328FFF8720097B4BA /* MainVC.swift */ = {isa = PBXFileReference; lastKnownFileType = sourcecode.swift; path = MainVC.swift; sourceTree = "<group>"; };
		D4B1899528FFFA070097B4BA /* SearchBarView.swift */ = {isa = PBXFileReference; lastKnownFileType = sourcecode.swift; path = SearchBarView.swift; sourceTree = "<group>"; };
		D4B18997290004860097B4BA /* FilterView.swift */ = {isa = PBXFileReference; lastKnownFileType = sourcecode.swift; path = FilterView.swift; sourceTree = "<group>"; };
		D4B18999290007150097B4BA /* TableViewCell.swift */ = {isa = PBXFileReference; lastKnownFileType = sourcecode.swift; path = TableViewCell.swift; sourceTree = "<group>"; };
		D4B1899B2900073D0097B4BA /* BlogDataModel.swift */ = {isa = PBXFileReference; lastKnownFileType = sourcecode.swift; path = BlogDataModel.swift; sourceTree = "<group>"; };
		D4B1899F290146BC0097B4BA /* BlogTableView.swift */ = {isa = PBXFileReference; lastKnownFileType = sourcecode.swift; path = BlogTableView.swift; sourceTree = "<group>"; };
		D4B189A529014CA40097B4BA /* AlertActionConvertible.swift */ = {isa = PBXFileReference; lastKnownFileType = sourcecode.swift; path = AlertActionConvertible.swift; sourceTree = "<group>"; };
		D4D3B9AD28F57E7400C70AFB /* Seven_SearchDaumBlog.app */ = {isa = PBXFileReference; explicitFileType = wrapper.application; includeInIndex = 0; path = Seven_SearchDaumBlog.app; sourceTree = BUILT_PRODUCTS_DIR; };
		D4D3B9B028F57E7400C70AFB /* AppDelegate.swift */ = {isa = PBXFileReference; lastKnownFileType = sourcecode.swift; path = AppDelegate.swift; sourceTree = "<group>"; };
		D4D3B9B228F57E7400C70AFB /* SceneDelegate.swift */ = {isa = PBXFileReference; lastKnownFileType = sourcecode.swift; path = SceneDelegate.swift; sourceTree = "<group>"; };
		D4D3B9B928F57E7700C70AFB /* Assets.xcassets */ = {isa = PBXFileReference; lastKnownFileType = folder.assetcatalog; path = Assets.xcassets; sourceTree = "<group>"; };
		D4D3B9BC28F57E7700C70AFB /* Base */ = {isa = PBXFileReference; lastKnownFileType = file.storyboard; name = Base; path = Base.lproj/LaunchScreen.storyboard; sourceTree = "<group>"; };
		D4D3B9BE28F57E7700C70AFB /* Info.plist */ = {isa = PBXFileReference; lastKnownFileType = text.plist.xml; path = Info.plist; sourceTree = "<group>"; };
/* End PBXFileReference section */

/* Begin PBXFrameworksBuildPhase section */
		D4D3B9AA28F57E7400C70AFB /* Frameworks */ = {
			isa = PBXFrameworksBuildPhase;
			buildActionMask = 2147483647;
			files = (
				D4B1899228FFF8090097B4BA /* Kingfisher in Frameworks */,
				D4B1898928FFF7A20097B4BA /* RxSwift in Frameworks */,
				D4B1898728FFF7A20097B4BA /* RxRelay in Frameworks */,
				D4B1898528FFF7A20097B4BA /* RxCocoa in Frameworks */,
				D4B1898C28FFF7BA0097B4BA /* Then in Frameworks */,
				D4B1898F28FFF7DB0097B4BA /* SnapKit in Frameworks */,
			);
			runOnlyForDeploymentPostprocessing = 0;
		};
/* End PBXFrameworksBuildPhase section */

/* Begin PBXGroup section */
		D4B1899D290007510097B4BA /* MainScene */ = {
			isa = PBXGroup;
			children = (
				D4B1899328FFF8720097B4BA /* MainVC.swift */,
				D4B189A1290149F40097B4BA /* SubComponents */,
			);
			path = MainScene;
			sourceTree = "<group>";
		};
		D4B1899E2900077A0097B4BA /* Model */ = {
			isa = PBXGroup;
			children = (
				D4B1899B2900073D0097B4BA /* BlogDataModel.swift */,
				D4B189A529014CA40097B4BA /* AlertActionConvertible.swift */,
			);
			path = Model;
			sourceTree = "<group>";
		};
		D4B189A1290149F40097B4BA /* SubComponents */ = {
			isa = PBXGroup;
			children = (
				D4B189A229014A2A0097B4BA /* SearchBar */,
				D4B189A329014A380097B4BA /* BlogTableView */,
			);
			path = SubComponents;
			sourceTree = "<group>";
		};
		D4B189A229014A2A0097B4BA /* SearchBar */ = {
			isa = PBXGroup;
			children = (
				D4B1899528FFFA070097B4BA /* SearchBarView.swift */,
			);
			path = SearchBar;
			sourceTree = "<group>";
		};
		D4B189A329014A380097B4BA /* BlogTableView */ = {
			isa = PBXGroup;
			children = (
				D4B1899F290146BC0097B4BA /* BlogTableView.swift */,
				D4B189A429014A4D0097B4BA /* SubComponents */,
			);
			path = BlogTableView;
			sourceTree = "<group>";
		};
		D4B189A429014A4D0097B4BA /* SubComponents */ = {
			isa = PBXGroup;
			children = (
				D4B18997290004860097B4BA /* FilterView.swift */,
				D4B18999290007150097B4BA /* TableViewCell.swift */,
			);
			path = SubComponents;
			sourceTree = "<group>";
		};
		D4D3B9A428F57E7400C70AFB = {
			isa = PBXGroup;
			children = (
				D4D3B9AF28F57E7400C70AFB /* Seven_SearchDaumBlog */,
				D4D3B9AE28F57E7400C70AFB /* Products */,
			);
			sourceTree = "<group>";
		};
		D4D3B9AE28F57E7400C70AFB /* Products */ = {
			isa = PBXGroup;
			children = (
				D4D3B9AD28F57E7400C70AFB /* Seven_SearchDaumBlog.app */,
			);
			name = Products;
			sourceTree = "<group>";
		};
		D4D3B9AF28F57E7400C70AFB /* Seven_SearchDaumBlog */ = {
			isa = PBXGroup;
			children = (
				D4D3B9B028F57E7400C70AFB /* AppDelegate.swift */,
				D4D3B9B228F57E7400C70AFB /* SceneDelegate.swift */,
				D4B1899D290007510097B4BA /* MainScene */,
				D4B1899E2900077A0097B4BA /* Model */,
				D4D3B9B928F57E7700C70AFB /* Assets.xcassets */,
				D4D3B9BB28F57E7700C70AFB /* LaunchScreen.storyboard */,
				D4D3B9BE28F57E7700C70AFB /* Info.plist */,
			);
			path = Seven_SearchDaumBlog;
			sourceTree = "<group>";
		};
/* End PBXGroup section */

/* Begin PBXNativeTarget section */
		D4D3B9AC28F57E7400C70AFB /* Seven_SearchDaumBlog */ = {
			isa = PBXNativeTarget;
			buildConfigurationList = D4D3B9C128F57E7700C70AFB /* Build configuration list for PBXNativeTarget "Seven_SearchDaumBlog" */;
			buildPhases = (
				D4D3B9A928F57E7400C70AFB /* Sources */,
				D4D3B9AA28F57E7400C70AFB /* Frameworks */,
				D4D3B9AB28F57E7400C70AFB /* Resources */,
			);
			buildRules = (
			);
			dependencies = (
			);
			name = Seven_SearchDaumBlog;
			packageProductDependencies = (
				D4B1898428FFF7A20097B4BA /* RxCocoa */,
				D4B1898628FFF7A20097B4BA /* RxRelay */,
				D4B1898828FFF7A20097B4BA /* RxSwift */,
				D4B1898B28FFF7BA0097B4BA /* Then */,
				D4B1898E28FFF7DB0097B4BA /* SnapKit */,
				D4B1899128FFF8090097B4BA /* Kingfisher */,
			);
			productName = Seven_SearchDaumBlog;
			productReference = D4D3B9AD28F57E7400C70AFB /* Seven_SearchDaumBlog.app */;
			productType = "com.apple.product-type.application";
		};
/* End PBXNativeTarget section */

/* Begin PBXProject section */
		D4D3B9A528F57E7400C70AFB /* Project object */ = {
			isa = PBXProject;
			attributes = {
				BuildIndependentTargetsInParallel = 1;
				LastSwiftUpdateCheck = 1320;
				LastUpgradeCheck = 1320;
				TargetAttributes = {
					D4D3B9AC28F57E7400C70AFB = {
						CreatedOnToolsVersion = 13.2.1;
					};
				};
			};
			buildConfigurationList = D4D3B9A828F57E7400C70AFB /* Build configuration list for PBXProject "Seven_SearchDaumBlog" */;
			compatibilityVersion = "Xcode 13.0";
			developmentRegion = en;
			hasScannedForEncodings = 0;
			knownRegions = (
				en,
				Base,
			);
			mainGroup = D4D3B9A428F57E7400C70AFB;
			packageReferences = (
				D4B1898328FFF7A20097B4BA /* XCRemoteSwiftPackageReference "RxSwift" */,
				D4B1898A28FFF7B90097B4BA /* XCRemoteSwiftPackageReference "Then" */,
				D4B1898D28FFF7DB0097B4BA /* XCRemoteSwiftPackageReference "SnapKit" */,
				D4B1899028FFF8090097B4BA /* XCRemoteSwiftPackageReference "Kingfisher" */,
			);
			productRefGroup = D4D3B9AE28F57E7400C70AFB /* Products */;
			projectDirPath = "";
			projectRoot = "";
			targets = (
				D4D3B9AC28F57E7400C70AFB /* Seven_SearchDaumBlog */,
			);
		};
/* End PBXProject section */

/* Begin PBXResourcesBuildPhase section */
		D4D3B9AB28F57E7400C70AFB /* Resources */ = {
			isa = PBXResourcesBuildPhase;
			buildActionMask = 2147483647;
			files = (
				D4D3B9BD28F57E7700C70AFB /* LaunchScreen.storyboard in Resources */,
				D4D3B9BA28F57E7700C70AFB /* Assets.xcassets in Resources */,
			);
			runOnlyForDeploymentPostprocessing = 0;
		};
/* End PBXResourcesBuildPhase section */

/* Begin PBXSourcesBuildPhase section */
		D4D3B9A928F57E7400C70AFB /* Sources */ = {
			isa = PBXSourcesBuildPhase;
			buildActionMask = 2147483647;
			files = (
				D4B1899C2900073D0097B4BA /* BlogDataModel.swift in Sources */,
				D4B1899628FFFA070097B4BA /* SearchBarView.swift in Sources */,
				D4D3B9B128F57E7400C70AFB /* AppDelegate.swift in Sources */,
				D4B1899428FFF8720097B4BA /* MainVC.swift in Sources */,
				D4B1899A290007160097B4BA /* TableViewCell.swift in Sources */,
				D4B189A0290146BD0097B4BA /* BlogTableView.swift in Sources */,
				D4B18998290004870097B4BA /* FilterView.swift in Sources */,
				D4D3B9B328F57E7400C70AFB /* SceneDelegate.swift in Sources */,
				D4B189A629014CA40097B4BA /* AlertActionConvertible.swift in Sources */,
			);
			runOnlyForDeploymentPostprocessing = 0;
		};
/* End PBXSourcesBuildPhase section */

/* Begin PBXVariantGroup section */
		D4D3B9BB28F57E7700C70AFB /* LaunchScreen.storyboard */ = {
			isa = PBXVariantGroup;
			children = (
				D4D3B9BC28F57E7700C70AFB /* Base */,
			);
			name = LaunchScreen.storyboard;
			sourceTree = "<group>";
		};
/* End PBXVariantGroup section */

/* Begin XCBuildConfiguration section */
		D4D3B9BF28F57E7700C70AFB /* Debug */ = {
			isa = XCBuildConfiguration;
			buildSettings = {
				ALWAYS_SEARCH_USER_PATHS = NO;
				CLANG_ANALYZER_NONNULL = YES;
				CLANG_ANALYZER_NUMBER_OBJECT_CONVERSION = YES_AGGRESSIVE;
				CLANG_CXX_LANGUAGE_STANDARD = "gnu++17";
				CLANG_CXX_LIBRARY = "libc++";
				CLANG_ENABLE_MODULES = YES;
				CLANG_ENABLE_OBJC_ARC = YES;
				CLANG_ENABLE_OBJC_WEAK = YES;
				CLANG_WARN_BLOCK_CAPTURE_AUTORELEASING = YES;
				CLANG_WARN_BOOL_CONVERSION = YES;
				CLANG_WARN_COMMA = YES;
				CLANG_WARN_CONSTANT_CONVERSION = YES;
				CLANG_WARN_DEPRECATED_OBJC_IMPLEMENTATIONS = YES;
				CLANG_WARN_DIRECT_OBJC_ISA_USAGE = YES_ERROR;
				CLANG_WARN_DOCUMENTATION_COMMENTS = YES;
				CLANG_WARN_EMPTY_BODY = YES;
				CLANG_WARN_ENUM_CONVERSION = YES;
				CLANG_WARN_INFINITE_RECURSION = YES;
				CLANG_WARN_INT_CONVERSION = YES;
				CLANG_WARN_NON_LITERAL_NULL_CONVERSION = YES;
				CLANG_WARN_OBJC_IMPLICIT_RETAIN_SELF = YES;
				CLANG_WARN_OBJC_LITERAL_CONVERSION = YES;
				CLANG_WARN_OBJC_ROOT_CLASS = YES_ERROR;
				CLANG_WARN_QUOTED_INCLUDE_IN_FRAMEWORK_HEADER = YES;
				CLANG_WARN_RANGE_LOOP_ANALYSIS = YES;
				CLANG_WARN_STRICT_PROTOTYPES = YES;
				CLANG_WARN_SUSPICIOUS_MOVE = YES;
				CLANG_WARN_UNGUARDED_AVAILABILITY = YES_AGGRESSIVE;
				CLANG_WARN_UNREACHABLE_CODE = YES;
				CLANG_WARN__DUPLICATE_METHOD_MATCH = YES;
				COPY_PHASE_STRIP = NO;
				DEBUG_INFORMATION_FORMAT = dwarf;
				ENABLE_STRICT_OBJC_MSGSEND = YES;
				ENABLE_TESTABILITY = YES;
				GCC_C_LANGUAGE_STANDARD = gnu11;
				GCC_DYNAMIC_NO_PIC = NO;
				GCC_NO_COMMON_BLOCKS = YES;
				GCC_OPTIMIZATION_LEVEL = 0;
				GCC_PREPROCESSOR_DEFINITIONS = (
					"DEBUG=1",
					"$(inherited)",
				);
				GCC_WARN_64_TO_32_BIT_CONVERSION = YES;
				GCC_WARN_ABOUT_RETURN_TYPE = YES_ERROR;
				GCC_WARN_UNDECLARED_SELECTOR = YES;
				GCC_WARN_UNINITIALIZED_AUTOS = YES_AGGRESSIVE;
				GCC_WARN_UNUSED_FUNCTION = YES;
				GCC_WARN_UNUSED_VARIABLE = YES;
				IPHONEOS_DEPLOYMENT_TARGET = 15.2;
				MTL_ENABLE_DEBUG_INFO = INCLUDE_SOURCE;
				MTL_FAST_MATH = YES;
				ONLY_ACTIVE_ARCH = YES;
				SDKROOT = iphoneos;
				SWIFT_ACTIVE_COMPILATION_CONDITIONS = DEBUG;
				SWIFT_OPTIMIZATION_LEVEL = "-Onone";
			};
			name = Debug;
		};
		D4D3B9C028F57E7700C70AFB /* Release */ = {
			isa = XCBuildConfiguration;
			buildSettings = {
				ALWAYS_SEARCH_USER_PATHS = NO;
				CLANG_ANALYZER_NONNULL = YES;
				CLANG_ANALYZER_NUMBER_OBJECT_CONVERSION = YES_AGGRESSIVE;
				CLANG_CXX_LANGUAGE_STANDARD = "gnu++17";
				CLANG_CXX_LIBRARY = "libc++";
				CLANG_ENABLE_MODULES = YES;
				CLANG_ENABLE_OBJC_ARC = YES;
				CLANG_ENABLE_OBJC_WEAK = YES;
				CLANG_WARN_BLOCK_CAPTURE_AUTORELEASING = YES;
				CLANG_WARN_BOOL_CONVERSION = YES;
				CLANG_WARN_COMMA = YES;
				CLANG_WARN_CONSTANT_CONVERSION = YES;
				CLANG_WARN_DEPRECATED_OBJC_IMPLEMENTATIONS = YES;
				CLANG_WARN_DIRECT_OBJC_ISA_USAGE = YES_ERROR;
				CLANG_WARN_DOCUMENTATION_COMMENTS = YES;
				CLANG_WARN_EMPTY_BODY = YES;
				CLANG_WARN_ENUM_CONVERSION = YES;
				CLANG_WARN_INFINITE_RECURSION = YES;
				CLANG_WARN_INT_CONVERSION = YES;
				CLANG_WARN_NON_LITERAL_NULL_CONVERSION = YES;
				CLANG_WARN_OBJC_IMPLICIT_RETAIN_SELF = YES;
				CLANG_WARN_OBJC_LITERAL_CONVERSION = YES;
				CLANG_WARN_OBJC_ROOT_CLASS = YES_ERROR;
				CLANG_WARN_QUOTED_INCLUDE_IN_FRAMEWORK_HEADER = YES;
				CLANG_WARN_RANGE_LOOP_ANALYSIS = YES;
				CLANG_WARN_STRICT_PROTOTYPES = YES;
				CLANG_WARN_SUSPICIOUS_MOVE = YES;
				CLANG_WARN_UNGUARDED_AVAILABILITY = YES_AGGRESSIVE;
				CLANG_WARN_UNREACHABLE_CODE = YES;
				CLANG_WARN__DUPLICATE_METHOD_MATCH = YES;
				COPY_PHASE_STRIP = NO;
				DEBUG_INFORMATION_FORMAT = "dwarf-with-dsym";
				ENABLE_NS_ASSERTIONS = NO;
				ENABLE_STRICT_OBJC_MSGSEND = YES;
				GCC_C_LANGUAGE_STANDARD = gnu11;
				GCC_NO_COMMON_BLOCKS = YES;
				GCC_WARN_64_TO_32_BIT_CONVERSION = YES;
				GCC_WARN_ABOUT_RETURN_TYPE = YES_ERROR;
				GCC_WARN_UNDECLARED_SELECTOR = YES;
				GCC_WARN_UNINITIALIZED_AUTOS = YES_AGGRESSIVE;
				GCC_WARN_UNUSED_FUNCTION = YES;
				GCC_WARN_UNUSED_VARIABLE = YES;
				IPHONEOS_DEPLOYMENT_TARGET = 15.2;
				MTL_ENABLE_DEBUG_INFO = NO;
				MTL_FAST_MATH = YES;
				SDKROOT = iphoneos;
				SWIFT_COMPILATION_MODE = wholemodule;
				SWIFT_OPTIMIZATION_LEVEL = "-O";
				VALIDATE_PRODUCT = YES;
			};
			name = Release;
		};
		D4D3B9C228F57E7700C70AFB /* Debug */ = {
			isa = XCBuildConfiguration;
			buildSettings = {
				ASSETCATALOG_COMPILER_APPICON_NAME = AppIcon;
				ASSETCATALOG_COMPILER_GLOBAL_ACCENT_COLOR_NAME = AccentColor;
				CODE_SIGN_STYLE = Automatic;
				CURRENT_PROJECT_VERSION = 1;
				DEVELOPMENT_TEAM = 6V8879W55Z;
				GENERATE_INFOPLIST_FILE = YES;
				INFOPLIST_FILE = Seven_SearchDaumBlog/Info.plist;
				INFOPLIST_KEY_UIApplicationSupportsIndirectInputEvents = YES;
				INFOPLIST_KEY_UILaunchStoryboardName = LaunchScreen;
				INFOPLIST_KEY_UISupportedInterfaceOrientations_iPad = "UIInterfaceOrientationPortrait UIInterfaceOrientationPortraitUpsideDown UIInterfaceOrientationLandscapeLeft UIInterfaceOrientationLandscapeRight";
				INFOPLIST_KEY_UISupportedInterfaceOrientations_iPhone = "UIInterfaceOrientationPortrait UIInterfaceOrientationLandscapeLeft UIInterfaceOrientationLandscapeRight";
				LD_RUNPATH_SEARCH_PATHS = (
					"$(inherited)",
					"@executable_path/Frameworks",
				);
				MARKETING_VERSION = 1.0;
				PRODUCT_BUNDLE_IDENTIFIER = "com.yslee.searchdaumblog.Seven-SearchDaumBlog";
				PRODUCT_NAME = "$(TARGET_NAME)";
				SWIFT_EMIT_LOC_STRINGS = YES;
				SWIFT_VERSION = 5.0;
				TARGETED_DEVICE_FAMILY = "1,2";
			};
			name = Debug;
		};
		D4D3B9C328F57E7700C70AFB /* Release */ = {
			isa = XCBuildConfiguration;
			buildSettings = {
				ASSETCATALOG_COMPILER_APPICON_NAME = AppIcon;
				ASSETCATALOG_COMPILER_GLOBAL_ACCENT_COLOR_NAME = AccentColor;
				CODE_SIGN_STYLE = Automatic;
				CURRENT_PROJECT_VERSION = 1;
				DEVELOPMENT_TEAM = 6V8879W55Z;
				GENERATE_INFOPLIST_FILE = YES;
				INFOPLIST_FILE = Seven_SearchDaumBlog/Info.plist;
				INFOPLIST_KEY_UIApplicationSupportsIndirectInputEvents = YES;
				INFOPLIST_KEY_UILaunchStoryboardName = LaunchScreen;
				INFOPLIST_KEY_UISupportedInterfaceOrientations_iPad = "UIInterfaceOrientationPortrait UIInterfaceOrientationPortraitUpsideDown UIInterfaceOrientationLandscapeLeft UIInterfaceOrientationLandscapeRight";
				INFOPLIST_KEY_UISupportedInterfaceOrientations_iPhone = "UIInterfaceOrientationPortrait UIInterfaceOrientationLandscapeLeft UIInterfaceOrientationLandscapeRight";
				LD_RUNPATH_SEARCH_PATHS = (
					"$(inherited)",
					"@executable_path/Frameworks",
				);
				MARKETING_VERSION = 1.0;
				PRODUCT_BUNDLE_IDENTIFIER = "com.yslee.searchdaumblog.Seven-SearchDaumBlog";
				PRODUCT_NAME = "$(TARGET_NAME)";
				SWIFT_EMIT_LOC_STRINGS = YES;
				SWIFT_VERSION = 5.0;
				TARGETED_DEVICE_FAMILY = "1,2";
			};
			name = Release;
		};
/* End XCBuildConfiguration section */

/* Begin XCConfigurationList section */
		D4D3B9A828F57E7400C70AFB /* Build configuration list for PBXProject "Seven_SearchDaumBlog" */ = {
			isa = XCConfigurationList;
			buildConfigurations = (
				D4D3B9BF28F57E7700C70AFB /* Debug */,
				D4D3B9C028F57E7700C70AFB /* Release */,
			);
			defaultConfigurationIsVisible = 0;
			defaultConfigurationName = Release;
		};
		D4D3B9C128F57E7700C70AFB /* Build configuration list for PBXNativeTarget "Seven_SearchDaumBlog" */ = {
			isa = XCConfigurationList;
			buildConfigurations = (
				D4D3B9C228F57E7700C70AFB /* Debug */,
				D4D3B9C328F57E7700C70AFB /* Release */,
			);
			defaultConfigurationIsVisible = 0;
			defaultConfigurationName = Release;
		};
/* End XCConfigurationList section */

/* Begin XCRemoteSwiftPackageReference section */
		D4B1898328FFF7A20097B4BA /* XCRemoteSwiftPackageReference "RxSwift" */ = {
			isa = XCRemoteSwiftPackageReference;
			repositoryURL = "https://github.com/ReactiveX/RxSwift.git";
			requirement = {
				branch = main;
				kind = branch;
			};
		};
		D4B1898A28FFF7B90097B4BA /* XCRemoteSwiftPackageReference "Then" */ = {
			isa = XCRemoteSwiftPackageReference;
			repositoryURL = "https://github.com/devxoul/Then";
			requirement = {
				branch = master;
				kind = branch;
			};
		};
		D4B1898D28FFF7DB0097B4BA /* XCRemoteSwiftPackageReference "SnapKit" */ = {
			isa = XCRemoteSwiftPackageReference;
			repositoryURL = "https://github.com/SnapKit/SnapKit.git";
			requirement = {
				branch = develop;
				kind = branch;
			};
		};
		D4B1899028FFF8090097B4BA /* XCRemoteSwiftPackageReference "Kingfisher" */ = {
			isa = XCRemoteSwiftPackageReference;
			repositoryURL = "https://github.com/onevcat/Kingfisher.git";
			requirement = {
				kind = upToNextMajorVersion;
				minimumVersion = 7.0.0;
			};
		};
/* End XCRemoteSwiftPackageReference section */

/* Begin XCSwiftPackageProductDependency section */
		D4B1898428FFF7A20097B4BA /* RxCocoa */ = {
			isa = XCSwiftPackageProductDependency;
			package = D4B1898328FFF7A20097B4BA /* XCRemoteSwiftPackageReference "RxSwift" */;
			productName = RxCocoa;
		};
		D4B1898628FFF7A20097B4BA /* RxRelay */ = {
			isa = XCSwiftPackageProductDependency;
			package = D4B1898328FFF7A20097B4BA /* XCRemoteSwiftPackageReference "RxSwift" */;
			productName = RxRelay;
		};
		D4B1898828FFF7A20097B4BA /* RxSwift */ = {
			isa = XCSwiftPackageProductDependency;
			package = D4B1898328FFF7A20097B4BA /* XCRemoteSwiftPackageReference "RxSwift" */;
			productName = RxSwift;
		};
		D4B1898B28FFF7BA0097B4BA /* Then */ = {
			isa = XCSwiftPackageProductDependency;
			package = D4B1898A28FFF7B90097B4BA /* XCRemoteSwiftPackageReference "Then" */;
			productName = Then;
		};
		D4B1898E28FFF7DB0097B4BA /* SnapKit */ = {
			isa = XCSwiftPackageProductDependency;
			package = D4B1898D28FFF7DB0097B4BA /* XCRemoteSwiftPackageReference "SnapKit" */;
			productName = SnapKit;
		};
		D4B1899128FFF8090097B4BA /* Kingfisher */ = {
			isa = XCSwiftPackageProductDependency;
			package = D4B1899028FFF8090097B4BA /* XCRemoteSwiftPackageReference "Kingfisher" */;
			productName = Kingfisher;
		};
/* End XCSwiftPackageProductDependency section */
	};
	rootObject = D4D3B9A528F57E7400C70AFB /* Project object */;
}
